
Microsoft Visual Studio Solution File, Format Version 12.00
# Visual Studio Version 16
VisualStudioVersion = 16.0.30611.23
MinimumVisualStudioVersion = 10.0.40219.1
Project("{FAE04EC0-301F-11D3-BF4B-00C04F79EFBC}") = "Ferencz_Levente_Lab8", "Ferencz_Levente_Lab8.csproj", "{05E08AF6-99A0-400C-B96A-521402AB4478}"
EndProject
Global
	GlobalSection(SolutionConfigurationPlatforms) = preSolution
		Debug|Any CPU = Debug|Any CPU
		Release|Any CPU = Release|Any CPU
	EndGlobalSection
	GlobalSection(ProjectConfigurationPlatforms) = postSolution
		{05E08AF6-99A0-400C-B96A-521402AB4478}.Debug|Any CPU.ActiveCfg = Debug|Any CPU
		{05E08AF6-99A0-400C-B96A-521402AB4478}.Debug|Any CPU.Build.0 = Debug|Any CPU
		{05E08AF6-99A0-400C-B96A-521402AB4478}.Release|Any CPU.ActiveCfg = Release|Any CPU
		{05E08AF6-99A0-400C-B96A-521402AB4478}.Release|Any CPU.Build.0 = Release|Any CPU
	EndGlobalSection
	GlobalSection(SolutionProperties) = preSolution
		HideSolutionNode = FALSE
	EndGlobalSection
	GlobalSection(ExtensibilityGlobals) = postSolution
		SolutionGuid = {F703D4D0-2F49-41E5-B0DE-023891AA85F1}
	EndGlobalSection
EndGlobal
